// !$*UTF8*$!
{
	archiveVersion = 1;
	classes = {
	};
	objectVersion = 56;
	objects = {

/* Begin PBXBuildFile section */
		FA9B4BCD2D47DBD90068A321 /* Box.swift in Sources */ = {isa = PBXBuildFile; fileRef = FA9B4BCC2D47DBD90068A321 /* Box.swift */; };
		FA9B4BCF2D47EB9C0068A321 /* NotificationService.swift in Sources */ = {isa = PBXBuildFile; fileRef = FA9B4BCE2D47EB9C0068A321 /* NotificationService.swift */; };
		FAF8A56B2D4535E3009C835E /* AppDelegate.swift in Sources */ = {isa = PBXBuildFile; fileRef = FAF8A56A2D4535E3009C835E /* AppDelegate.swift */; };
		FAF8A56D2D4535E3009C835E /* SceneDelegate.swift in Sources */ = {isa = PBXBuildFile; fileRef = FAF8A56C2D4535E3009C835E /* SceneDelegate.swift */; };
		FAF8A56F2D4535E3009C835E /* HotelSearchViewController.swift in Sources */ = {isa = PBXBuildFile; fileRef = FAF8A56E2D4535E3009C835E /* HotelSearchViewController.swift */; };
		FAF8A5742D4535E4009C835E /* Assets.xcassets in Resources */ = {isa = PBXBuildFile; fileRef = FAF8A5732D4535E4009C835E /* Assets.xcassets */; };
		FAF8A5772D4535E4009C835E /* LaunchScreen.storyboard in Resources */ = {isa = PBXBuildFile; fileRef = FAF8A5752D4535E4009C835E /* LaunchScreen.storyboard */; };
		FAF8A57F2D4539B5009C835E /* HotelSearchViewModel.swift in Sources */ = {isa = PBXBuildFile; fileRef = FAF8A57E2D4539B5009C835E /* HotelSearchViewModel.swift */; };
		FAF8A58C2D453A49009C835E /* HotelModel.swift in Sources */ = {isa = PBXBuildFile; fileRef = FAF8A58B2D453A49009C835E /* HotelModel.swift */; };
		FAF8A58E2D453E7C009C835E /* FilterModel.swift in Sources */ = {isa = PBXBuildFile; fileRef = FAF8A58D2D453E7C009C835E /* FilterModel.swift */; };
		FAF8A5902D453ED4009C835E /* HotelFilterViewController.swift in Sources */ = {isa = PBXBuildFile; fileRef = FAF8A58F2D453ED4009C835E /* HotelFilterViewController.swift */; };
		FAF8A5922D466832009C835E /* FilterSlider.swift in Sources */ = {isa = PBXBuildFile; fileRef = FAF8A5912D466832009C835E /* FilterSlider.swift */; };
		FAF8A5942D467A4B009C835E /* HotelDetailViewController.swift in Sources */ = {isa = PBXBuildFile; fileRef = FAF8A5932D467A4B009C835E /* HotelDetailViewController.swift */; };
		FAF8A5962D467A5B009C835E /* HotelDetailViewModel.swift in Sources */ = {isa = PBXBuildFile; fileRef = FAF8A5952D467A5B009C835E /* HotelDetailViewModel.swift */; };
		FAF8A5992D467E79009C835E /* Kingfisher in Frameworks */ = {isa = PBXBuildFile; productRef = FAF8A5982D467E79009C835E /* Kingfisher */; };
		FAF8A59C2D46893B009C835E /* Booking.xcdatamodeld in Sources */ = {isa = PBXBuildFile; fileRef = FAF8A59A2D46893B009C835E /* Booking.xcdatamodeld */; };
		FAF8A59E2D468E01009C835E /* CoreDataService.swift in Sources */ = {isa = PBXBuildFile; fileRef = FAF8A59D2D468E01009C835E /* CoreDataService.swift */; };
		FAF8A5A02D4695FC009C835E /* BookingViewModel.swift in Sources */ = {isa = PBXBuildFile; fileRef = FAF8A59F2D4695FC009C835E /* BookingViewModel.swift */; };
		FAF8A5A22D469621009C835E /* BookingModel.swift in Sources */ = {isa = PBXBuildFile; fileRef = FAF8A5A12D469621009C835E /* BookingModel.swift */; };
		FAF8A5A42D4696DF009C835E /* BookingViewController.swift in Sources */ = {isa = PBXBuildFile; fileRef = FAF8A5A32D4696DF009C835E /* BookingViewController.swift */; };
/* End PBXBuildFile section */

/* Begin PBXFileReference section */
		FA9B4BCC2D47DBD90068A321 /* Box.swift */ = {isa = PBXFileReference; lastKnownFileType = sourcecode.swift; path = Box.swift; sourceTree = "<group>"; };
		FA9B4BCE2D47EB9C0068A321 /* NotificationService.swift */ = {isa = PBXFileReference; lastKnownFileType = sourcecode.swift; path = NotificationService.swift; sourceTree = "<group>"; };
		FAF8A5672D4535E3009C835E /* MegafonTest.app */ = {isa = PBXFileReference; explicitFileType = wrapper.application; includeInIndex = 0; path = MegafonTest.app; sourceTree = BUILT_PRODUCTS_DIR; };
		FAF8A56A2D4535E3009C835E /* AppDelegate.swift */ = {isa = PBXFileReference; lastKnownFileType = sourcecode.swift; path = AppDelegate.swift; sourceTree = "<group>"; };
		FAF8A56C2D4535E3009C835E /* SceneDelegate.swift */ = {isa = PBXFileReference; lastKnownFileType = sourcecode.swift; path = SceneDelegate.swift; sourceTree = "<group>"; };
		FAF8A56E2D4535E3009C835E /* HotelSearchViewController.swift */ = {isa = PBXFileReference; lastKnownFileType = sourcecode.swift; path = HotelSearchViewController.swift; sourceTree = "<group>"; };
		FAF8A5732D4535E4009C835E /* Assets.xcassets */ = {isa = PBXFileReference; lastKnownFileType = folder.assetcatalog; path = Assets.xcassets; sourceTree = "<group>"; };
		FAF8A5762D4535E4009C835E /* Base */ = {isa = PBXFileReference; lastKnownFileType = file.storyboard; name = Base; path = Base.lproj/LaunchScreen.storyboard; sourceTree = "<group>"; };
		FAF8A5782D4535E4009C835E /* Info.plist */ = {isa = PBXFileReference; lastKnownFileType = text.plist.xml; path = Info.plist; sourceTree = "<group>"; };
		FAF8A57E2D4539B5009C835E /* HotelSearchViewModel.swift */ = {isa = PBXFileReference; lastKnownFileType = sourcecode.swift; path = HotelSearchViewModel.swift; sourceTree = "<group>"; };
		FAF8A58B2D453A49009C835E /* HotelModel.swift */ = {isa = PBXFileReference; lastKnownFileType = sourcecode.swift; path = HotelModel.swift; sourceTree = "<group>"; };
		FAF8A58D2D453E7C009C835E /* FilterModel.swift */ = {isa = PBXFileReference; lastKnownFileType = sourcecode.swift; path = FilterModel.swift; sourceTree = "<group>"; };
		FAF8A58F2D453ED4009C835E /* HotelFilterViewController.swift */ = {isa = PBXFileReference; lastKnownFileType = sourcecode.swift; path = HotelFilterViewController.swift; sourceTree = "<group>"; };
		FAF8A5912D466832009C835E /* FilterSlider.swift */ = {isa = PBXFileReference; lastKnownFileType = sourcecode.swift; path = FilterSlider.swift; sourceTree = "<group>"; };
		FAF8A5932D467A4B009C835E /* HotelDetailViewController.swift */ = {isa = PBXFileReference; lastKnownFileType = sourcecode.swift; path = HotelDetailViewController.swift; sourceTree = "<group>"; };
		FAF8A5952D467A5B009C835E /* HotelDetailViewModel.swift */ = {isa = PBXFileReference; lastKnownFileType = sourcecode.swift; path = HotelDetailViewModel.swift; sourceTree = "<group>"; };
		FAF8A59B2D46893B009C835E /* Booking.xcdatamodel */ = {isa = PBXFileReference; lastKnownFileType = wrapper.xcdatamodel; path = Booking.xcdatamodel; sourceTree = "<group>"; };
		FAF8A59D2D468E01009C835E /* CoreDataService.swift */ = {isa = PBXFileReference; lastKnownFileType = sourcecode.swift; path = CoreDataService.swift; sourceTree = "<group>"; };
		FAF8A59F2D4695FC009C835E /* BookingViewModel.swift */ = {isa = PBXFileReference; lastKnownFileType = sourcecode.swift; path = BookingViewModel.swift; sourceTree = "<group>"; };
		FAF8A5A12D469621009C835E /* BookingModel.swift */ = {isa = PBXFileReference; lastKnownFileType = sourcecode.swift; path = BookingModel.swift; sourceTree = "<group>"; };
		FAF8A5A32D4696DF009C835E /* BookingViewController.swift */ = {isa = PBXFileReference; lastKnownFileType = sourcecode.swift; path = BookingViewController.swift; sourceTree = "<group>"; };
/* End PBXFileReference section */

/* Begin PBXFrameworksBuildPhase section */
		FAF8A5642D4535E3009C835E /* Frameworks */ = {
			isa = PBXFrameworksBuildPhase;
			buildActionMask = 2147483647;
			files = (
				FAF8A5992D467E79009C835E /* Kingfisher in Frameworks */,
			);
			runOnlyForDeploymentPostprocessing = 0;
		};
/* End PBXFrameworksBuildPhase section */

/* Begin PBXGroup section */
		FA9B4BCB2D47DBCC0068A321 /* Box */ = {
			isa = PBXGroup;
			children = (
				FA9B4BCC2D47DBD90068A321 /* Box.swift */,
			);
			path = Box;
			sourceTree = "<group>";
		};
		FAF8A55E2D4535E3009C835E = {
			isa = PBXGroup;
			children = (
				FAF8A59A2D46893B009C835E /* Booking.xcdatamodeld */,
				FAF8A5692D4535E3009C835E /* MegafonTest */,
				FAF8A5682D4535E3009C835E /* Products */,
			);
			sourceTree = "<group>";
		};
		FAF8A5682D4535E3009C835E /* Products */ = {
			isa = PBXGroup;
			children = (
				FAF8A5672D4535E3009C835E /* MegafonTest.app */,
			);
			name = Products;
			sourceTree = "<group>";
		};
		FAF8A5692D4535E3009C835E /* MegafonTest */ = {
			isa = PBXGroup;
			children = (
				FA9B4BCB2D47DBCC0068A321 /* Box */,
				FAF8A5AC2D46A042009C835E /* App */,
				FAF8A5AB2D46A036009C835E /* Services */,
				FAF8A5A62D469FE1009C835E /* HotelSearch */,
				FAF8A5A72D469FF5009C835E /* HotelDetail */,
				FAF8A5A82D46A003009C835E /* Components */,
				FAF8A5AA2D46A01D009C835E /* Booking */,
				FAF8A5A92D46A00C009C835E /* Models */,
				FAF8A5732D4535E4009C835E /* Assets.xcassets */,
				FAF8A5752D4535E4009C835E /* LaunchScreen.storyboard */,
				FAF8A5782D4535E4009C835E /* Info.plist */,
			);
			path = MegafonTest;
			sourceTree = "<group>";
		};
		FAF8A5A62D469FE1009C835E /* HotelSearch */ = {
			isa = PBXGroup;
			children = (
				FAF8A56E2D4535E3009C835E /* HotelSearchViewController.swift */,
				FAF8A57E2D4539B5009C835E /* HotelSearchViewModel.swift */,
				FAF8A58F2D453ED4009C835E /* HotelFilterViewController.swift */,
			);
			path = HotelSearch;
			sourceTree = "<group>";
		};
		FAF8A5A72D469FF5009C835E /* HotelDetail */ = {
			isa = PBXGroup;
			children = (
				FAF8A5932D467A4B009C835E /* HotelDetailViewController.swift */,
				FAF8A5952D467A5B009C835E /* HotelDetailViewModel.swift */,
			);
			path = HotelDetail;
			sourceTree = "<group>";
		};
		FAF8A5A82D46A003009C835E /* Components */ = {
			isa = PBXGroup;
			children = (
				FAF8A5912D466832009C835E /* FilterSlider.swift */,
			);
			path = Components;
			sourceTree = "<group>";
		};
		FAF8A5A92D46A00C009C835E /* Models */ = {
			isa = PBXGroup;
			children = (
				FAF8A58B2D453A49009C835E /* HotelModel.swift */,
				FAF8A58D2D453E7C009C835E /* FilterModel.swift */,
				FAF8A5A12D469621009C835E /* BookingModel.swift */,
			);
			path = Models;
			sourceTree = "<group>";
		};
		FAF8A5AA2D46A01D009C835E /* Booking */ = {
			isa = PBXGroup;
			children = (
				FAF8A59F2D4695FC009C835E /* BookingViewModel.swift */,
				FAF8A5A32D4696DF009C835E /* BookingViewController.swift */,
			);
			path = Booking;
			sourceTree = "<group>";
		};
		FAF8A5AB2D46A036009C835E /* Services */ = {
			isa = PBXGroup;
			children = (
				FAF8A59D2D468E01009C835E /* CoreDataService.swift */,
				FA9B4BCE2D47EB9C0068A321 /* NotificationService.swift */,
			);
			path = Services;
			sourceTree = "<group>";
		};
		FAF8A5AC2D46A042009C835E /* App */ = {
			isa = PBXGroup;
			children = (
				FAF8A56A2D4535E3009C835E /* AppDelegate.swift */,
				FAF8A56C2D4535E3009C835E /* SceneDelegate.swift */,
			);
			path = App;
			sourceTree = "<group>";
		};
/* End PBXGroup section */

/* Begin PBXNativeTarget section */
		FAF8A5662D4535E3009C835E /* MegafonTest */ = {
			isa = PBXNativeTarget;
			buildConfigurationList = FAF8A57B2D4535E4009C835E /* Build configuration list for PBXNativeTarget "MegafonTest" */;
			buildPhases = (
				FAF8A5632D4535E3009C835E /* Sources */,
				FAF8A5642D4535E3009C835E /* Frameworks */,
				FAF8A5652D4535E3009C835E /* Resources */,
			);
			buildRules = (
			);
			dependencies = (
			);
			name = MegafonTest;
			packageProductDependencies = (
				FAF8A5982D467E79009C835E /* Kingfisher */,
			);
			productName = MegafonTest;
			productReference = FAF8A5672D4535E3009C835E /* MegafonTest.app */;
			productType = "com.apple.product-type.application";
		};
/* End PBXNativeTarget section */

/* Begin PBXProject section */
		FAF8A55F2D4535E3009C835E /* Project object */ = {
			isa = PBXProject;
			attributes = {
				BuildIndependentTargetsInParallel = 1;
				LastSwiftUpdateCheck = 1520;
				LastUpgradeCheck = 1520;
				TargetAttributes = {
					FAF8A5662D4535E3009C835E = {
						CreatedOnToolsVersion = 15.2;
					};
				};
			};
			buildConfigurationList = FAF8A5622D4535E3009C835E /* Build configuration list for PBXProject "MegafonTest" */;
			compatibilityVersion = "Xcode 14.0";
			developmentRegion = en;
			hasScannedForEncodings = 0;
			knownRegions = (
				en,
				Base,
			);
			mainGroup = FAF8A55E2D4535E3009C835E;
			packageReferences = (
				FAF8A5972D467E78009C835E /* XCRemoteSwiftPackageReference "Kingfisher" */,
			);
			productRefGroup = FAF8A5682D4535E3009C835E /* Products */;
			projectDirPath = "";
			projectRoot = "";
			targets = (
				FAF8A5662D4535E3009C835E /* MegafonTest */,
			);
		};
/* End PBXProject section */

/* Begin PBXResourcesBuildPhase section */
		FAF8A5652D4535E3009C835E /* Resources */ = {
			isa = PBXResourcesBuildPhase;
			buildActionMask = 2147483647;
			files = (
				FAF8A5772D4535E4009C835E /* LaunchScreen.storyboard in Resources */,
				FAF8A5742D4535E4009C835E /* Assets.xcassets in Resources */,
			);
			runOnlyForDeploymentPostprocessing = 0;
		};
/* End PBXResourcesBuildPhase section */

/* Begin PBXSourcesBuildPhase section */
		FAF8A5632D4535E3009C835E /* Sources */ = {
			isa = PBXSourcesBuildPhase;
			buildActionMask = 2147483647;
			files = (
				FAF8A5942D467A4B009C835E /* HotelDetailViewController.swift in Sources */,
				FAF8A58C2D453A49009C835E /* HotelModel.swift in Sources */,
				FAF8A5902D453ED4009C835E /* HotelFilterViewController.swift in Sources */,
				FAF8A56F2D4535E3009C835E /* HotelSearchViewController.swift in Sources */,
				FAF8A5A02D4695FC009C835E /* BookingViewModel.swift in Sources */,
				FAF8A59E2D468E01009C835E /* CoreDataService.swift in Sources */,
				FAF8A56B2D4535E3009C835E /* AppDelegate.swift in Sources */,
				FAF8A58E2D453E7C009C835E /* FilterModel.swift in Sources */,
				FAF8A56D2D4535E3009C835E /* SceneDelegate.swift in Sources */,
				FA9B4BCF2D47EB9C0068A321 /* NotificationService.swift in Sources */,
				FAF8A5922D466832009C835E /* FilterSlider.swift in Sources */,
				FAF8A59C2D46893B009C835E /* Booking.xcdatamodeld in Sources */,
				FAF8A5A22D469621009C835E /* BookingModel.swift in Sources */,
				FAF8A5962D467A5B009C835E /* HotelDetailViewModel.swift in Sources */,
				FA9B4BCD2D47DBD90068A321 /* Box.swift in Sources */,
				FAF8A5A42D4696DF009C835E /* BookingViewController.swift in Sources */,
				FAF8A57F2D4539B5009C835E /* HotelSearchViewModel.swift in Sources */,
			);
			runOnlyForDeploymentPostprocessing = 0;
		};
/* End PBXSourcesBuildPhase section */

/* Begin PBXVariantGroup section */
		FAF8A5752D4535E4009C835E /* LaunchScreen.storyboard */ = {
			isa = PBXVariantGroup;
			children = (
				FAF8A5762D4535E4009C835E /* Base */,
			);
			name = LaunchScreen.storyboard;
			sourceTree = "<group>";
		};
/* End PBXVariantGroup section */

/* Begin XCBuildConfiguration section */
		FAF8A5792D4535E4009C835E /* Debug */ = {
			isa = XCBuildConfiguration;
			buildSettings = {
				ALWAYS_SEARCH_USER_PATHS = NO;
				ASSETCATALOG_COMPILER_GENERATE_SWIFT_ASSET_SYMBOL_EXTENSIONS = YES;
				CLANG_ANALYZER_NONNULL = YES;
				CLANG_ANALYZER_NUMBER_OBJECT_CONVERSION = YES_AGGRESSIVE;
				CLANG_CXX_LANGUAGE_STANDARD = "gnu++20";
				CLANG_ENABLE_MODULES = YES;
				CLANG_ENABLE_OBJC_ARC = YES;
				CLANG_ENABLE_OBJC_WEAK = YES;
				CLANG_WARN_BLOCK_CAPTURE_AUTORELEASING = YES;
				CLANG_WARN_BOOL_CONVERSION = YES;
				CLANG_WARN_COMMA = YES;
				CLANG_WARN_CONSTANT_CONVERSION = YES;
				CLANG_WARN_DEPRECATED_OBJC_IMPLEMENTATIONS = YES;
				CLANG_WARN_DIRECT_OBJC_ISA_USAGE = YES_ERROR;
				CLANG_WARN_DOCUMENTATION_COMMENTS = YES;
				CLANG_WARN_EMPTY_BODY = YES;
				CLANG_WARN_ENUM_CONVERSION = YES;
				CLANG_WARN_INFINITE_RECURSION = YES;
				CLANG_WARN_INT_CONVERSION = YES;
				CLANG_WARN_NON_LITERAL_NULL_CONVERSION = YES;
				CLANG_WARN_OBJC_IMPLICIT_RETAIN_SELF = YES;
				CLANG_WARN_OBJC_LITERAL_CONVERSION = YES;
				CLANG_WARN_OBJC_ROOT_CLASS = YES_ERROR;
				CLANG_WARN_QUOTED_INCLUDE_IN_FRAMEWORK_HEADER = YES;
				CLANG_WARN_RANGE_LOOP_ANALYSIS = YES;
				CLANG_WARN_STRICT_PROTOTYPES = YES;
				CLANG_WARN_SUSPICIOUS_MOVE = YES;
				CLANG_WARN_UNGUARDED_AVAILABILITY = YES_AGGRESSIVE;
				CLANG_WARN_UNREACHABLE_CODE = YES;
				CLANG_WARN__DUPLICATE_METHOD_MATCH = YES;
				COPY_PHASE_STRIP = NO;
				DEBUG_INFORMATION_FORMAT = dwarf;
				ENABLE_STRICT_OBJC_MSGSEND = YES;
				ENABLE_TESTABILITY = YES;
				ENABLE_USER_SCRIPT_SANDBOXING = YES;
				GCC_C_LANGUAGE_STANDARD = gnu17;
				GCC_DYNAMIC_NO_PIC = NO;
				GCC_NO_COMMON_BLOCKS = YES;
				GCC_OPTIMIZATION_LEVEL = 0;
				GCC_PREPROCESSOR_DEFINITIONS = (
					"DEBUG=1",
					"$(inherited)",
				);
				GCC_WARN_64_TO_32_BIT_CONVERSION = YES;
				GCC_WARN_ABOUT_RETURN_TYPE = YES_ERROR;
				GCC_WARN_UNDECLARED_SELECTOR = YES;
				GCC_WARN_UNINITIALIZED_AUTOS = YES_AGGRESSIVE;
				GCC_WARN_UNUSED_FUNCTION = YES;
				GCC_WARN_UNUSED_VARIABLE = YES;
				IPHONEOS_DEPLOYMENT_TARGET = 17.2;
				LOCALIZATION_PREFERS_STRING_CATALOGS = YES;
				MTL_ENABLE_DEBUG_INFO = INCLUDE_SOURCE;
				MTL_FAST_MATH = YES;
				ONLY_ACTIVE_ARCH = YES;
				SDKROOT = iphoneos;
				SWIFT_ACTIVE_COMPILATION_CONDITIONS = "DEBUG $(inherited)";
				SWIFT_OPTIMIZATION_LEVEL = "-Onone";
			};
			name = Debug;
		};
		FAF8A57A2D4535E4009C835E /* Release */ = {
			isa = XCBuildConfiguration;
			buildSettings = {
				ALWAYS_SEARCH_USER_PATHS = NO;
				ASSETCATALOG_COMPILER_GENERATE_SWIFT_ASSET_SYMBOL_EXTENSIONS = YES;
				CLANG_ANALYZER_NONNULL = YES;
				CLANG_ANALYZER_NUMBER_OBJECT_CONVERSION = YES_AGGRESSIVE;
				CLANG_CXX_LANGUAGE_STANDARD = "gnu++20";
				CLANG_ENABLE_MODULES = YES;
				CLANG_ENABLE_OBJC_ARC = YES;
				CLANG_ENABLE_OBJC_WEAK = YES;
				CLANG_WARN_BLOCK_CAPTURE_AUTORELEASING = YES;
				CLANG_WARN_BOOL_CONVERSION = YES;
				CLANG_WARN_COMMA = YES;
				CLANG_WARN_CONSTANT_CONVERSION = YES;
				CLANG_WARN_DEPRECATED_OBJC_IMPLEMENTATIONS = YES;
				CLANG_WARN_DIRECT_OBJC_ISA_USAGE = YES_ERROR;
				CLANG_WARN_DOCUMENTATION_COMMENTS = YES;
				CLANG_WARN_EMPTY_BODY = YES;
				CLANG_WARN_ENUM_CONVERSION = YES;
				CLANG_WARN_INFINITE_RECURSION = YES;
				CLANG_WARN_INT_CONVERSION = YES;
				CLANG_WARN_NON_LITERAL_NULL_CONVERSION = YES;
				CLANG_WARN_OBJC_IMPLICIT_RETAIN_SELF = YES;
				CLANG_WARN_OBJC_LITERAL_CONVERSION = YES;
				CLANG_WARN_OBJC_ROOT_CLASS = YES_ERROR;
				CLANG_WARN_QUOTED_INCLUDE_IN_FRAMEWORK_HEADER = YES;
				CLANG_WARN_RANGE_LOOP_ANALYSIS = YES;
				CLANG_WARN_STRICT_PROTOTYPES = YES;
				CLANG_WARN_SUSPICIOUS_MOVE = YES;
				CLANG_WARN_UNGUARDED_AVAILABILITY = YES_AGGRESSIVE;
				CLANG_WARN_UNREACHABLE_CODE = YES;
				CLANG_WARN__DUPLICATE_METHOD_MATCH = YES;
				COPY_PHASE_STRIP = NO;
				DEBUG_INFORMATION_FORMAT = "dwarf-with-dsym";
				ENABLE_NS_ASSERTIONS = NO;
				ENABLE_STRICT_OBJC_MSGSEND = YES;
				ENABLE_USER_SCRIPT_SANDBOXING = YES;
				GCC_C_LANGUAGE_STANDARD = gnu17;
				GCC_NO_COMMON_BLOCKS = YES;
				GCC_WARN_64_TO_32_BIT_CONVERSION = YES;
				GCC_WARN_ABOUT_RETURN_TYPE = YES_ERROR;
				GCC_WARN_UNDECLARED_SELECTOR = YES;
				GCC_WARN_UNINITIALIZED_AUTOS = YES_AGGRESSIVE;
				GCC_WARN_UNUSED_FUNCTION = YES;
				GCC_WARN_UNUSED_VARIABLE = YES;
				IPHONEOS_DEPLOYMENT_TARGET = 17.2;
				LOCALIZATION_PREFERS_STRING_CATALOGS = YES;
				MTL_ENABLE_DEBUG_INFO = NO;
				MTL_FAST_MATH = YES;
				SDKROOT = iphoneos;
				SWIFT_COMPILATION_MODE = wholemodule;
				VALIDATE_PRODUCT = YES;
			};
			name = Release;
		};
		FAF8A57C2D4535E4009C835E /* Debug */ = {
			isa = XCBuildConfiguration;
			buildSettings = {
				ASSETCATALOG_COMPILER_APPICON_NAME = AppIcon;
				ASSETCATALOG_COMPILER_GLOBAL_ACCENT_COLOR_NAME = AccentColor;
				CODE_SIGN_IDENTITY = "Apple Development";
				CODE_SIGN_STYLE = Automatic;
				CURRENT_PROJECT_VERSION = 1;
				DEVELOPMENT_TEAM = JH3LZ5HN5R;
				GENERATE_INFOPLIST_FILE = YES;
				INFOPLIST_FILE = MegafonTest/Info.plist;
				INFOPLIST_KEY_UIApplicationSupportsIndirectInputEvents = YES;
				INFOPLIST_KEY_UILaunchStoryboardName = LaunchScreen;
				INFOPLIST_KEY_UISupportedInterfaceOrientations_iPad = "UIInterfaceOrientationPortrait UIInterfaceOrientationPortraitUpsideDown UIInterfaceOrientationLandscapeLeft UIInterfaceOrientationLandscapeRight";
				INFOPLIST_KEY_UISupportedInterfaceOrientations_iPhone = "UIInterfaceOrientationPortrait UIInterfaceOrientationLandscapeLeft UIInterfaceOrientationLandscapeRight";
				LD_RUNPATH_SEARCH_PATHS = (
					"$(inherited)",
					"@executable_path/Frameworks",
				);
				MARKETING_VERSION = 1.0;
				PRODUCT_BUNDLE_IDENTIFIER = megafon.test;
				PRODUCT_NAME = "$(TARGET_NAME)";
				PROVISIONING_PROFILE_SPECIFIER = "";
				SWIFT_EMIT_LOC_STRINGS = YES;
				SWIFT_VERSION = 5.0;
				TARGETED_DEVICE_FAMILY = "1,2";
			};
			name = Debug;
		};
		FAF8A57D2D4535E4009C835E /* Release */ = {
			isa = XCBuildConfiguration;
			buildSettings = {
				ASSETCATALOG_COMPILER_APPICON_NAME = AppIcon;
				ASSETCATALOG_COMPILER_GLOBAL_ACCENT_COLOR_NAME = AccentColor;
				CODE_SIGN_IDENTITY = "Apple Development";
				CODE_SIGN_STYLE = Automatic;
				CURRENT_PROJECT_VERSION = 1;
				DEVELOPMENT_TEAM = JH3LZ5HN5R;
				GENERATE_INFOPLIST_FILE = YES;
				INFOPLIST_FILE = MegafonTest/Info.plist;
				INFOPLIST_KEY_UIApplicationSupportsIndirectInputEvents = YES;
				INFOPLIST_KEY_UILaunchStoryboardName = LaunchScreen;
				INFOPLIST_KEY_UISupportedInterfaceOrientations_iPad = "UIInterfaceOrientationPortrait UIInterfaceOrientationPortraitUpsideDown UIInterfaceOrientationLandscapeLeft UIInterfaceOrientationLandscapeRight";
				INFOPLIST_KEY_UISupportedInterfaceOrientations_iPhone = "UIInterfaceOrientationPortrait UIInterfaceOrientationLandscapeLeft UIInterfaceOrientationLandscapeRight";
				LD_RUNPATH_SEARCH_PATHS = (
					"$(inherited)",
					"@executable_path/Frameworks",
				);
				MARKETING_VERSION = 1.0;
				PRODUCT_BUNDLE_IDENTIFIER = megafon.test;
				PRODUCT_NAME = "$(TARGET_NAME)";
				PROVISIONING_PROFILE_SPECIFIER = "";
				SWIFT_EMIT_LOC_STRINGS = YES;
				SWIFT_VERSION = 5.0;
				TARGETED_DEVICE_FAMILY = "1,2";
			};
			name = Release;
		};
/* End XCBuildConfiguration section */

/* Begin XCConfigurationList section */
		FAF8A5622D4535E3009C835E /* Build configuration list for PBXProject "MegafonTest" */ = {
			isa = XCConfigurationList;
			buildConfigurations = (
				FAF8A5792D4535E4009C835E /* Debug */,
				FAF8A57A2D4535E4009C835E /* Release */,
			);
			defaultConfigurationIsVisible = 0;
			defaultConfigurationName = Release;
		};
		FAF8A57B2D4535E4009C835E /* Build configuration list for PBXNativeTarget "MegafonTest" */ = {
			isa = XCConfigurationList;
			buildConfigurations = (
				FAF8A57C2D4535E4009C835E /* Debug */,
				FAF8A57D2D4535E4009C835E /* Release */,
			);
			defaultConfigurationIsVisible = 0;
			defaultConfigurationName = Release;
		};
/* End XCConfigurationList section */

/* Begin XCRemoteSwiftPackageReference section */
		FAF8A5972D467E78009C835E /* XCRemoteSwiftPackageReference "Kingfisher" */ = {
			isa = XCRemoteSwiftPackageReference;
			repositoryURL = "https://github.com/onevcat/Kingfisher.git";
			requirement = {
				kind = upToNextMajorVersion;
				minimumVersion = 8.1.3;
			};
		};
/* End XCRemoteSwiftPackageReference section */

/* Begin XCSwiftPackageProductDependency section */
		FAF8A5982D467E79009C835E /* Kingfisher */ = {
			isa = XCSwiftPackageProductDependency;
			package = FAF8A5972D467E78009C835E /* XCRemoteSwiftPackageReference "Kingfisher" */;
			productName = Kingfisher;
		};
/* End XCSwiftPackageProductDependency section */

/* Begin XCVersionGroup section */
		FAF8A59A2D46893B009C835E /* Booking.xcdatamodeld */ = {
			isa = XCVersionGroup;
			children = (
				FAF8A59B2D46893B009C835E /* Booking.xcdatamodel */,
			);
			currentVersion = FAF8A59B2D46893B009C835E /* Booking.xcdatamodel */;
			path = Booking.xcdatamodeld;
			sourceTree = "<group>";
			versionGroupType = wrapper.xcdatamodel;
		};
/* End XCVersionGroup section */
	};
	rootObject = FAF8A55F2D4535E3009C835E /* Project object */;
}
